
Microsoft Visual Studio Solution File, Format Version 12.00
# Visual Studio Version 17
VisualStudioVersion = 17.0.31903.59
MinimumVisualStudioVersion = 10.0.40219.1
Project("{FAE04EC0-301F-11D3-BF4B-00C04F79EFBC}") = "JwtHandler", "JwtHandler\JwtHandler.csproj", "{24290CDC-E3EF-4774-9D64-A63987D43D68}"
EndProject
Project("{FAE04EC0-301F-11D3-BF4B-00C04F79EFBC}") = "Domain", "Domain\Domain.csproj", "{0CA74852-1491-4CE5-9C58-B5630BA0A40C}"
EndProject
Global
	GlobalSection(SolutionConfigurationPlatforms) = preSolution
		Debug|Any CPU = Debug|Any CPU
		Release|Any CPU = Release|Any CPU
	EndGlobalSection
	GlobalSection(SolutionProperties) = preSolution
		HideSolutionNode = FALSE
	EndGlobalSection
	GlobalSection(ProjectConfigurationPlatforms) = postSolution
		{24290CDC-E3EF-4774-9D64-A63987D43D68}.Debug|Any CPU.ActiveCfg = Debug|Any CPU
		{24290CDC-E3EF-4774-9D64-A63987D43D68}.Debug|Any CPU.Build.0 = Debug|Any CPU
		{24290CDC-E3EF-4774-9D64-A63987D43D68}.Release|Any CPU.ActiveCfg = Release|Any CPU
		{24290CDC-E3EF-4774-9D64-A63987D43D68}.Release|Any CPU.Build.0 = Release|Any CPU
		{0CA74852-1491-4CE5-9C58-B5630BA0A40C}.Debug|Any CPU.ActiveCfg = Debug|Any CPU
		{0CA74852-1491-4CE5-9C58-B5630BA0A40C}.Debug|Any CPU.Build.0 = Debug|Any CPU
		{0CA74852-1491-4CE5-9C58-B5630BA0A40C}.Release|Any CPU.ActiveCfg = Release|Any CPU
		{0CA74852-1491-4CE5-9C58-B5630BA0A40C}.Release|Any CPU.Build.0 = Release|Any CPU
	EndGlobalSection
EndGlobal
